
Microsoft Visual Studio Solution File, Format Version 12.00
# Visual Studio Version 17
VisualStudioVersion = 17.0.31903.59
MinimumVisualStudioVersion = 10.0.40219.1
Project("{2150E333-8FDC-42A3-9474-1A3956D46DE8}") = "src", "src", "{827E0CD3-B72D-47B6-A68D-7590B98EB39B}"
EndProject
Project("{FAE04EC0-301F-11D3-BF4B-00C04F79EFBC}") = "Frete.Core", "src\Frete.Core\Frete.Core.csproj", "{BFF1460C-07BF-4B6C-8E35-DDD00F9243FD}"
EndProject
Project("{FAE04EC0-301F-11D3-BF4B-00C04F79EFBC}") = "Frete.Api", "src\Frete.Api\Frete.Api.csproj", "{4257AB67-E8E7-4F81-8FB0-3D68EF3879A1}"
EndProject
Project("{FAE04EC0-301F-11D3-BF4B-00C04F79EFBC}") = "Frete.Tests", "tests\Frete.Tests\Frete.Tests.csproj", "{94844BB2-AFD5-4893-9EC1-91D0FC3CE5C0}"
EndProject
Global
	GlobalSection(SolutionConfigurationPlatforms) = preSolution
		Debug|Any CPU = Debug|Any CPU
		Debug|x64 = Debug|x64
		Debug|x86 = Debug|x86
		Release|Any CPU = Release|Any CPU
		Release|x64 = Release|x64
		Release|x86 = Release|x86
	EndGlobalSection
	GlobalSection(ProjectConfigurationPlatforms) = postSolution
		{BFF1460C-07BF-4B6C-8E35-DDD00F9243FD}.Debug|Any CPU.ActiveCfg = Debug|Any CPU
		{BFF1460C-07BF-4B6C-8E35-DDD00F9243FD}.Debug|Any CPU.Build.0 = Debug|Any CPU
		{BFF1460C-07BF-4B6C-8E35-DDD00F9243FD}.Debug|x64.ActiveCfg = Debug|Any CPU
		{BFF1460C-07BF-4B6C-8E35-DDD00F9243FD}.Debug|x64.Build.0 = Debug|Any CPU
		{BFF1460C-07BF-4B6C-8E35-DDD00F9243FD}.Debug|x86.ActiveCfg = Debug|Any CPU
		{BFF1460C-07BF-4B6C-8E35-DDD00F9243FD}.Debug|x86.Build.0 = Debug|Any CPU
		{BFF1460C-07BF-4B6C-8E35-DDD00F9243FD}.Release|Any CPU.ActiveCfg = Release|Any CPU
		{BFF1460C-07BF-4B6C-8E35-DDD00F9243FD}.Release|Any CPU.Build.0 = Release|Any CPU
		{BFF1460C-07BF-4B6C-8E35-DDD00F9243FD}.Release|x64.ActiveCfg = Release|Any CPU
		{BFF1460C-07BF-4B6C-8E35-DDD00F9243FD}.Release|x64.Build.0 = Release|Any CPU
		{BFF1460C-07BF-4B6C-8E35-DDD00F9243FD}.Release|x86.ActiveCfg = Release|Any CPU
		{BFF1460C-07BF-4B6C-8E35-DDD00F9243FD}.Release|x86.Build.0 = Release|Any CPU
		{4257AB67-E8E7-4F81-8FB0-3D68EF3879A1}.Debug|Any CPU.ActiveCfg = Debug|Any CPU
		{4257AB67-E8E7-4F81-8FB0-3D68EF3879A1}.Debug|Any CPU.Build.0 = Debug|Any CPU
		{4257AB67-E8E7-4F81-8FB0-3D68EF3879A1}.Debug|x64.ActiveCfg = Debug|Any CPU
		{4257AB67-E8E7-4F81-8FB0-3D68EF3879A1}.Debug|x64.Build.0 = Debug|Any CPU
		{4257AB67-E8E7-4F81-8FB0-3D68EF3879A1}.Debug|x86.ActiveCfg = Debug|Any CPU
		{4257AB67-E8E7-4F81-8FB0-3D68EF3879A1}.Debug|x86.Build.0 = Debug|Any CPU
		{4257AB67-E8E7-4F81-8FB0-3D68EF3879A1}.Release|Any CPU.ActiveCfg = Release|Any CPU
		{4257AB67-E8E7-4F81-8FB0-3D68EF3879A1}.Release|Any CPU.Build.0 = Release|Any CPU
		{4257AB67-E8E7-4F81-8FB0-3D68EF3879A1}.Release|x64.ActiveCfg = Release|Any CPU
		{4257AB67-E8E7-4F81-8FB0-3D68EF3879A1}.Release|x64.Build.0 = Release|Any CPU
		{4257AB67-E8E7-4F81-8FB0-3D68EF3879A1}.Release|x86.ActiveCfg = Release|Any CPU
		{4257AB67-E8E7-4F81-8FB0-3D68EF3879A1}.Release|x86.Build.0 = Release|Any CPU
		{94844BB2-AFD5-4893-9EC1-91D0FC3CE5C0}.Debug|Any CPU.ActiveCfg = Debug|Any CPU
		{94844BB2-AFD5-4893-9EC1-91D0FC3CE5C0}.Debug|Any CPU.Build.0 = Debug|Any CPU
		{94844BB2-AFD5-4893-9EC1-91D0FC3CE5C0}.Debug|x64.ActiveCfg = Debug|Any CPU
		{94844BB2-AFD5-4893-9EC1-91D0FC3CE5C0}.Debug|x64.Build.0 = Debug|Any CPU
		{94844BB2-AFD5-4893-9EC1-91D0FC3CE5C0}.Debug|x86.ActiveCfg = Debug|Any CPU
		{94844BB2-AFD5-4893-9EC1-91D0FC3CE5C0}.Debug|x86.Build.0 = Debug|Any CPU
		{94844BB2-AFD5-4893-9EC1-91D0FC3CE5C0}.Release|Any CPU.ActiveCfg = Release|Any CPU
		{94844BB2-AFD5-4893-9EC1-91D0FC3CE5C0}.Release|Any CPU.Build.0 = Release|Any CPU
		{94844BB2-AFD5-4893-9EC1-91D0FC3CE5C0}.Release|x64.ActiveCfg = Release|Any CPU
		{94844BB2-AFD5-4893-9EC1-91D0FC3CE5C0}.Release|x64.Build.0 = Release|Any CPU
		{94844BB2-AFD5-4893-9EC1-91D0FC3CE5C0}.Release|x86.ActiveCfg = Release|Any CPU
		{94844BB2-AFD5-4893-9EC1-91D0FC3CE5C0}.Release|x86.Build.0 = Release|Any CPU
	EndGlobalSection
	GlobalSection(SolutionProperties) = preSolution
		HideSolutionNode = FALSE
	EndGlobalSection
	GlobalSection(NestedProjects) = preSolution
		{BFF1460C-07BF-4B6C-8E35-DDD00F9243FD} = {827E0CD3-B72D-47B6-A68D-7590B98EB39B}
		{4257AB67-E8E7-4F81-8FB0-3D68EF3879A1} = {827E0CD3-B72D-47B6-A68D-7590B98EB39B}
		{94844BB2-AFD5-4893-9EC1-91D0FC3CE5C0} = {827E0CD3-B72D-47B6-A68D-7590B98EB39B}
	EndGlobalSection
EndGlobal
